
Microsoft Visual Studio Solution File, Format Version 12.00
# Visual Studio Version 16
VisualStudioVersion = 16.0.29728.190
MinimumVisualStudioVersion = 10.0.40219.1
Project("{FAE04EC0-301F-11D3-BF4B-00C04F79EFBC}") = "Figure", "Figure.csproj", "{FED7D9DF-6315-4D9E-A21F-4DB07C9355A2}"
EndProject
Project("{FAE04EC0-301F-11D3-BF4B-00C04F79EFBC}") = "FigureClass", "..\FigureClass\FigureClass.csproj", "{56A01380-8A97-4AD3-A17D-518BA1AA9852}"
EndProject
Global
	GlobalSection(SolutionConfigurationPlatforms) = preSolution
		Debug|Any CPU = Debug|Any CPU
		Release|Any CPU = Release|Any CPU
	EndGlobalSection
	GlobalSection(ProjectConfigurationPlatforms) = postSolution
		{FED7D9DF-6315-4D9E-A21F-4DB07C9355A2}.Debug|Any CPU.ActiveCfg = Debug|Any CPU
		{FED7D9DF-6315-4D9E-A21F-4DB07C9355A2}.Debug|Any CPU.Build.0 = Debug|Any CPU
		{FED7D9DF-6315-4D9E-A21F-4DB07C9355A2}.Release|Any CPU.ActiveCfg = Release|Any CPU
		{FED7D9DF-6315-4D9E-A21F-4DB07C9355A2}.Release|Any CPU.Build.0 = Release|Any CPU
		{56A01380-8A97-4AD3-A17D-518BA1AA9852}.Debug|Any CPU.ActiveCfg = Debug|Any CPU
		{56A01380-8A97-4AD3-A17D-518BA1AA9852}.Debug|Any CPU.Build.0 = Debug|Any CPU
		{56A01380-8A97-4AD3-A17D-518BA1AA9852}.Release|Any CPU.ActiveCfg = Release|Any CPU
		{56A01380-8A97-4AD3-A17D-518BA1AA9852}.Release|Any CPU.Build.0 = Release|Any CPU
	EndGlobalSection
	GlobalSection(SolutionProperties) = preSolution
		HideSolutionNode = FALSE
	EndGlobalSection
	GlobalSection(ExtensibilityGlobals) = postSolution
		SolutionGuid = {1EBA90C5-263B-49DC-BA51-C9B6ACE7DBEF}
	EndGlobalSection
EndGlobal
